
Microsoft Visual Studio Solution File, Format Version 12.00
# Visual Studio Version 17
VisualStudioVersion = 17.0.31903.59
MinimumVisualStudioVersion = 10.0.40219.1
Project("{2150E333-8FDC-42A3-9474-1A3956D46DE8}") = "src", "src", "{5024B8E1-3A74-4072-8FCF-9AB3D0A5E5E2}"
EndProject
Project("{2150E333-8FDC-42A3-9474-1A3956D46DE8}") = "solutions-items", "solutions-items", "{D4F2FB78-9C9D-4C9B-A694-2D2BBC8353F5}"
	ProjectSection(SolutionItems) = preProject
		.editorconfig = .editorconfig
		.csharpierrc = .csharpierrc
		.gitignore = .gitignore
		Directory.Build.props = Directory.Build.props
		Directory.Packages.props = Directory.Packages.props
		LICENSE = LICENSE
	EndProjectSection
EndProject
Project("{2150E333-8FDC-42A3-9474-1A3956D46DE8}") = "tests", "tests", "{F676C254-5A24-48D0-8452-557E35A97DCA}"
EndProject
Project("{FAE04EC0-301F-11D3-BF4B-00C04F79EFBC}") = "ArchGuard.Filters.Tests", "tests\ArchGuard.Tests\ArchGuard.Filters.Tests.csproj", "{8EA358ED-96CA-476A-AE5E-5E8C9C112030}"
EndProject
Project("{FAE04EC0-301F-11D3-BF4B-00C04F79EFBC}") = "ArchGuard.Tests.MockedAssembly", "tests\ArchGuard.Tests.MockedAssembly\ArchGuard.Tests.MockedAssembly.csproj", "{54EE02FA-CE83-4AF1-8F1E-9939038EAD39}"
EndProject
Project("{2150E333-8FDC-42A3-9474-1A3956D46DE8}") = "tests-items", "tests-items", "{375314E4-0BD9-487E-AE19-ECEF1A9C6C62}"
	ProjectSection(SolutionItems) = preProject
		tests\.editorconfig = tests\.editorconfig
	EndProjectSection
EndProject
Project("{FAE04EC0-301F-11D3-BF4B-00C04F79EFBC}") = "ArchGuard.Tests.Common", "tests\ArchGuard.Common.Tests\ArchGuard.Tests.Common.csproj", "{F7F837BB-CA2A-4CC9-AACB-AFAE5C5E34D0}"
EndProject
Project("{FAE04EC0-301F-11D3-BF4B-00C04F79EFBC}") = "ArchGuard.PublicApi.Tests", "tests\ArchGuard.PublicApi.Tests\ArchGuard.PublicApi.Tests.csproj", "{2F891FB1-94A2-4335-8675-7324645F5CEA}"
EndProject
Project("{FAE04EC0-301F-11D3-BF4B-00C04F79EFBC}") = "ArchGuard.Assertions.Tests", "tests\ArchGuard.Assertions.Tests\ArchGuard.Assertions.Tests.csproj", "{B1DC8F37-E324-429A-B1C5-ADE8562F1D1C}"
EndProject
Project("{FAE04EC0-301F-11D3-BF4B-00C04F79EFBC}") = "ArchGuard", "src\ArchGuard\ArchGuard.csproj", "{A87584A2-F75B-4F5F-B78E-E69828F56430}"
EndProject
Project("{2150E333-8FDC-42A3-9474-1A3956D46DE8}") = "mocked-assemblies", "mocked-assemblies", "{A8A0C942-8206-4588-953C-33C8896FA821}"
EndProject
Project("{2150E333-8FDC-42A3-9474-1A3956D46DE8}") = "types", "types", "{9B90D0C4-6877-4065-984A-D9B5EC197F7A}"
EndProject
Project("{FAE04EC0-301F-11D3-BF4B-00C04F79EFBC}") = "ArchGuard.MockedAssembly.Classes", "tests\mocked-assemblies\types\ArchGuard.MockedAssembly.Classes\ArchGuard.MockedAssembly.Classes.csproj", "{034EEA0D-0357-4D65-B37A-235D88705B58}"
EndProject
Project("{FAE04EC0-301F-11D3-BF4B-00C04F79EFBC}") = "ArchGuard.MockedAssembly.Enums", "tests\mocked-assemblies\types\ArchGuard.MockedAssembly.Enums\ArchGuard.MockedAssembly.Enums.csproj", "{05271F62-F00B-4AA3-81C2-424BD4CBD4CB}"
EndProject
Project("{FAE04EC0-301F-11D3-BF4B-00C04F79EFBC}") = "ArchGuard.MockedAssembly.Interfaces", "tests\mocked-assemblies\types\ArchGuard.MockedAssembly.Interfaces\ArchGuard.MockedAssembly.Interfaces.csproj", "{44200E6C-BFA3-4790-997E-EE2B1160BEDE}"
EndProject
Project("{FAE04EC0-301F-11D3-BF4B-00C04F79EFBC}") = "ArchGuard.MockedAssembly.Records", "tests\mocked-assemblies\types\ArchGuard.MockedAssembly.Records\ArchGuard.MockedAssembly.Records.csproj", "{BC706C6C-4DDA-455C-9BAA-B51EFDB1454D}"
EndProject
Project("{FAE04EC0-301F-11D3-BF4B-00C04F79EFBC}") = "ArchGuard.MockedAssembly.Structs", "tests\mocked-assemblies\types\ArchGuard.MockedAssembly.Structs\ArchGuard.MockedAssembly.Structs.csproj", "{062DFDB1-098C-4175-8581-14968CC5C68B}"
EndProject
Project("{FAE04EC0-301F-11D3-BF4B-00C04F79EFBC}") = "ArchGuard.MockedAssembly.RecordStructs", "tests\mocked-assemblies\types\ArchGuard.MockedAssembly.RecordStructs\ArchGuard.MockedAssembly.RecordStructs.csproj", "{3825DE49-C756-49D9-B27C-4B17A6B55414}"
EndProject
Project("{2150E333-8FDC-42A3-9474-1A3956D46DE8}") = "methods", "methods", "{DA576B88-DDE4-43D3-8586-579B218A5C4C}"
EndProject
Project("{FAE04EC0-301F-11D3-BF4B-00C04F79EFBC}") = "ArchGuard.MockedAssembly.Methods.Asynchronous", "tests\mocked-assemblies\methods\ArchGuard.MockedAssembly.Methods.Asynchronous\ArchGuard.MockedAssembly.Methods.Asynchronous.csproj", "{20A05DE9-165A-48BE-96F3-7E65855D87F1}"
EndProject
Project("{FAE04EC0-301F-11D3-BF4B-00C04F79EFBC}") = "ArchGuard.MockedAssembly.Methods.Static", "tests\mocked-assemblies\methods\ArchGuard.MockedAssembly.Methods.Static\ArchGuard.MockedAssembly.Methods.Static.csproj", "{F33CBF64-6680-4927-BBD1-E2CC5287EE6E}"
EndProject
Project("{2150E333-8FDC-42A3-9474-1A3956D46DE8}") = "access-modifiers", "access-modifiers", "{D967CA5C-0BBD-4892-873A-910BA4127EBF}"
EndProject
Project("{FAE04EC0-301F-11D3-BF4B-00C04F79EFBC}") = "ArchGuard.MockedAssembly.AccessModifiers.Public", "tests\mocked-assemblies\types\access-modifiers\ArchGuard.MockedAssembly.AccessModifiers.Public\ArchGuard.MockedAssembly.AccessModifiers.Public.csproj", "{7454A70E-61B1-4DDD-A6AA-B2DA43B0FED5}"
EndProject
Project("{FAE04EC0-301F-11D3-BF4B-00C04F79EFBC}") = "ArchGuard.MockedAssembly.AccessModifiers.Internal", "tests\mocked-assemblies\types\access-modifiers\ArchGuard.MockedAssembly.AccessModifiers.Internal\ArchGuard.MockedAssembly.AccessModifiers.Internal.csproj", "{FF438561-6F1F-4253-BCF1-80D1B0AB2C1B}"
EndProject
Project("{FAE04EC0-301F-11D3-BF4B-00C04F79EFBC}") = "ArchGuard.MockedAssembly.AccessModifiers.File", "tests\mocked-assemblies\types\access-modifiers\ArchGuard.MockedAssembly.AccessModifiers.File\ArchGuard.MockedAssembly.AccessModifiers.File.csproj", "{1A3F962D-4E49-4461-A072-03624788E9B6}"
EndProject
Project("{FAE04EC0-301F-11D3-BF4B-00C04F79EFBC}") = "ArchGuard.Core", "src\ArchGuard.Core\ArchGuard.Core.csproj", "{C686B416-A080-4478-BF44-83959121B53A}"
EndProject
Project("{FAE04EC0-301F-11D3-BF4B-00C04F79EFBC}") = "ArchGuard.MockedAssembly.Inherit", "tests\mocked-assemblies\types\ArchGuard.MockedAssembly.Inherit\ArchGuard.MockedAssembly.Inherit.csproj", "{D45AB9BE-A3F9-4E59-94BD-8D99C6470D19}"
EndProject
Project("{FAE04EC0-301F-11D3-BF4B-00C04F79EFBC}") = "ArchGuard.Extensions.Shouldly", "src\ArchGuard.Extensions.Shouldly\ArchGuard.Extensions.Shouldly.csproj", "{DE82037D-0F6A-4C8A-AC90-6209C6E53117}"
EndProject
Project("{FAE04EC0-301F-11D3-BF4B-00C04F79EFBC}") = "ArchGuard.MockedAssembly.HaveDependencyOnNamespace", "tests\mocked-assemblies\types\ArchGuard.MockedAssembly.HaveDependencyOnNamespace\ArchGuard.MockedAssembly.HaveDependencyOnNamespace.csproj", "{57666F9D-C31D-495E-990A-B0FF8784EBCA}"
EndProject
Global
	GlobalSection(SolutionConfigurationPlatforms) = preSolution
		Debug|Any CPU = Debug|Any CPU
		Release|Any CPU = Release|Any CPU
	EndGlobalSection
	GlobalSection(ProjectConfigurationPlatforms) = postSolution
		{8EA358ED-96CA-476A-AE5E-5E8C9C112030}.Debug|Any CPU.ActiveCfg = Debug|Any CPU
		{8EA358ED-96CA-476A-AE5E-5E8C9C112030}.Debug|Any CPU.Build.0 = Debug|Any CPU
		{8EA358ED-96CA-476A-AE5E-5E8C9C112030}.Release|Any CPU.ActiveCfg = Release|Any CPU
		{8EA358ED-96CA-476A-AE5E-5E8C9C112030}.Release|Any CPU.Build.0 = Release|Any CPU
		{54EE02FA-CE83-4AF1-8F1E-9939038EAD39}.Debug|Any CPU.ActiveCfg = Debug|Any CPU
		{54EE02FA-CE83-4AF1-8F1E-9939038EAD39}.Debug|Any CPU.Build.0 = Debug|Any CPU
		{54EE02FA-CE83-4AF1-8F1E-9939038EAD39}.Release|Any CPU.ActiveCfg = Release|Any CPU
		{54EE02FA-CE83-4AF1-8F1E-9939038EAD39}.Release|Any CPU.Build.0 = Release|Any CPU
		{F7F837BB-CA2A-4CC9-AACB-AFAE5C5E34D0}.Debug|Any CPU.ActiveCfg = Debug|Any CPU
		{F7F837BB-CA2A-4CC9-AACB-AFAE5C5E34D0}.Debug|Any CPU.Build.0 = Debug|Any CPU
		{F7F837BB-CA2A-4CC9-AACB-AFAE5C5E34D0}.Release|Any CPU.ActiveCfg = Release|Any CPU
		{F7F837BB-CA2A-4CC9-AACB-AFAE5C5E34D0}.Release|Any CPU.Build.0 = Release|Any CPU
		{2F891FB1-94A2-4335-8675-7324645F5CEA}.Debug|Any CPU.ActiveCfg = Debug|Any CPU
		{2F891FB1-94A2-4335-8675-7324645F5CEA}.Debug|Any CPU.Build.0 = Debug|Any CPU
		{2F891FB1-94A2-4335-8675-7324645F5CEA}.Release|Any CPU.ActiveCfg = Release|Any CPU
		{2F891FB1-94A2-4335-8675-7324645F5CEA}.Release|Any CPU.Build.0 = Release|Any CPU
		{B1DC8F37-E324-429A-B1C5-ADE8562F1D1C}.Debug|Any CPU.ActiveCfg = Debug|Any CPU
		{B1DC8F37-E324-429A-B1C5-ADE8562F1D1C}.Debug|Any CPU.Build.0 = Debug|Any CPU
		{B1DC8F37-E324-429A-B1C5-ADE8562F1D1C}.Release|Any CPU.ActiveCfg = Release|Any CPU
		{B1DC8F37-E324-429A-B1C5-ADE8562F1D1C}.Release|Any CPU.Build.0 = Release|Any CPU
		{A87584A2-F75B-4F5F-B78E-E69828F56430}.Debug|Any CPU.ActiveCfg = Debug|Any CPU
		{A87584A2-F75B-4F5F-B78E-E69828F56430}.Debug|Any CPU.Build.0 = Debug|Any CPU
		{A87584A2-F75B-4F5F-B78E-E69828F56430}.Release|Any CPU.ActiveCfg = Release|Any CPU
		{A87584A2-F75B-4F5F-B78E-E69828F56430}.Release|Any CPU.Build.0 = Release|Any CPU
		{034EEA0D-0357-4D65-B37A-235D88705B58}.Debug|Any CPU.ActiveCfg = Debug|Any CPU
		{034EEA0D-0357-4D65-B37A-235D88705B58}.Debug|Any CPU.Build.0 = Debug|Any CPU
		{034EEA0D-0357-4D65-B37A-235D88705B58}.Release|Any CPU.ActiveCfg = Release|Any CPU
		{034EEA0D-0357-4D65-B37A-235D88705B58}.Release|Any CPU.Build.0 = Release|Any CPU
		{05271F62-F00B-4AA3-81C2-424BD4CBD4CB}.Debug|Any CPU.ActiveCfg = Debug|Any CPU
		{05271F62-F00B-4AA3-81C2-424BD4CBD4CB}.Debug|Any CPU.Build.0 = Debug|Any CPU
		{05271F62-F00B-4AA3-81C2-424BD4CBD4CB}.Release|Any CPU.ActiveCfg = Release|Any CPU
		{05271F62-F00B-4AA3-81C2-424BD4CBD4CB}.Release|Any CPU.Build.0 = Release|Any CPU
		{44200E6C-BFA3-4790-997E-EE2B1160BEDE}.Debug|Any CPU.ActiveCfg = Debug|Any CPU
		{44200E6C-BFA3-4790-997E-EE2B1160BEDE}.Debug|Any CPU.Build.0 = Debug|Any CPU
		{44200E6C-BFA3-4790-997E-EE2B1160BEDE}.Release|Any CPU.ActiveCfg = Release|Any CPU
		{44200E6C-BFA3-4790-997E-EE2B1160BEDE}.Release|Any CPU.Build.0 = Release|Any CPU
		{BC706C6C-4DDA-455C-9BAA-B51EFDB1454D}.Debug|Any CPU.ActiveCfg = Debug|Any CPU
		{BC706C6C-4DDA-455C-9BAA-B51EFDB1454D}.Debug|Any CPU.Build.0 = Debug|Any CPU
		{BC706C6C-4DDA-455C-9BAA-B51EFDB1454D}.Release|Any CPU.ActiveCfg = Release|Any CPU
		{BC706C6C-4DDA-455C-9BAA-B51EFDB1454D}.Release|Any CPU.Build.0 = Release|Any CPU
		{062DFDB1-098C-4175-8581-14968CC5C68B}.Debug|Any CPU.ActiveCfg = Debug|Any CPU
		{062DFDB1-098C-4175-8581-14968CC5C68B}.Debug|Any CPU.Build.0 = Debug|Any CPU
		{062DFDB1-098C-4175-8581-14968CC5C68B}.Release|Any CPU.ActiveCfg = Release|Any CPU
		{062DFDB1-098C-4175-8581-14968CC5C68B}.Release|Any CPU.Build.0 = Release|Any CPU
		{3825DE49-C756-49D9-B27C-4B17A6B55414}.Debug|Any CPU.ActiveCfg = Debug|Any CPU
		{3825DE49-C756-49D9-B27C-4B17A6B55414}.Debug|Any CPU.Build.0 = Debug|Any CPU
		{3825DE49-C756-49D9-B27C-4B17A6B55414}.Release|Any CPU.ActiveCfg = Release|Any CPU
		{3825DE49-C756-49D9-B27C-4B17A6B55414}.Release|Any CPU.Build.0 = Release|Any CPU
		{20A05DE9-165A-48BE-96F3-7E65855D87F1}.Debug|Any CPU.ActiveCfg = Debug|Any CPU
		{20A05DE9-165A-48BE-96F3-7E65855D87F1}.Debug|Any CPU.Build.0 = Debug|Any CPU
		{20A05DE9-165A-48BE-96F3-7E65855D87F1}.Release|Any CPU.ActiveCfg = Release|Any CPU
		{20A05DE9-165A-48BE-96F3-7E65855D87F1}.Release|Any CPU.Build.0 = Release|Any CPU
		{F33CBF64-6680-4927-BBD1-E2CC5287EE6E}.Debug|Any CPU.ActiveCfg = Debug|Any CPU
		{F33CBF64-6680-4927-BBD1-E2CC5287EE6E}.Debug|Any CPU.Build.0 = Debug|Any CPU
		{F33CBF64-6680-4927-BBD1-E2CC5287EE6E}.Release|Any CPU.ActiveCfg = Release|Any CPU
		{F33CBF64-6680-4927-BBD1-E2CC5287EE6E}.Release|Any CPU.Build.0 = Release|Any CPU
		{7454A70E-61B1-4DDD-A6AA-B2DA43B0FED5}.Debug|Any CPU.ActiveCfg = Debug|Any CPU
		{7454A70E-61B1-4DDD-A6AA-B2DA43B0FED5}.Debug|Any CPU.Build.0 = Debug|Any CPU
		{7454A70E-61B1-4DDD-A6AA-B2DA43B0FED5}.Release|Any CPU.ActiveCfg = Release|Any CPU
		{7454A70E-61B1-4DDD-A6AA-B2DA43B0FED5}.Release|Any CPU.Build.0 = Release|Any CPU
		{FF438561-6F1F-4253-BCF1-80D1B0AB2C1B}.Debug|Any CPU.ActiveCfg = Debug|Any CPU
		{FF438561-6F1F-4253-BCF1-80D1B0AB2C1B}.Debug|Any CPU.Build.0 = Debug|Any CPU
		{FF438561-6F1F-4253-BCF1-80D1B0AB2C1B}.Release|Any CPU.ActiveCfg = Release|Any CPU
		{FF438561-6F1F-4253-BCF1-80D1B0AB2C1B}.Release|Any CPU.Build.0 = Release|Any CPU
		{1A3F962D-4E49-4461-A072-03624788E9B6}.Debug|Any CPU.ActiveCfg = Debug|Any CPU
		{1A3F962D-4E49-4461-A072-03624788E9B6}.Debug|Any CPU.Build.0 = Debug|Any CPU
		{1A3F962D-4E49-4461-A072-03624788E9B6}.Release|Any CPU.ActiveCfg = Release|Any CPU
		{1A3F962D-4E49-4461-A072-03624788E9B6}.Release|Any CPU.Build.0 = Release|Any CPU
		{C686B416-A080-4478-BF44-83959121B53A}.Debug|Any CPU.ActiveCfg = Debug|Any CPU
		{C686B416-A080-4478-BF44-83959121B53A}.Debug|Any CPU.Build.0 = Debug|Any CPU
		{C686B416-A080-4478-BF44-83959121B53A}.Release|Any CPU.ActiveCfg = Release|Any CPU
		{C686B416-A080-4478-BF44-83959121B53A}.Release|Any CPU.Build.0 = Release|Any CPU
		{D45AB9BE-A3F9-4E59-94BD-8D99C6470D19}.Debug|Any CPU.ActiveCfg = Debug|Any CPU
		{D45AB9BE-A3F9-4E59-94BD-8D99C6470D19}.Debug|Any CPU.Build.0 = Debug|Any CPU
		{D45AB9BE-A3F9-4E59-94BD-8D99C6470D19}.Release|Any CPU.ActiveCfg = Release|Any CPU
		{D45AB9BE-A3F9-4E59-94BD-8D99C6470D19}.Release|Any CPU.Build.0 = Release|Any CPU
		{DE82037D-0F6A-4C8A-AC90-6209C6E53117}.Debug|Any CPU.ActiveCfg = Debug|Any CPU
		{DE82037D-0F6A-4C8A-AC90-6209C6E53117}.Debug|Any CPU.Build.0 = Debug|Any CPU
		{DE82037D-0F6A-4C8A-AC90-6209C6E53117}.Release|Any CPU.ActiveCfg = Release|Any CPU
		{DE82037D-0F6A-4C8A-AC90-6209C6E53117}.Release|Any CPU.Build.0 = Release|Any CPU
		{57666F9D-C31D-495E-990A-B0FF8784EBCA}.Debug|Any CPU.ActiveCfg = Debug|Any CPU
		{57666F9D-C31D-495E-990A-B0FF8784EBCA}.Debug|Any CPU.Build.0 = Debug|Any CPU
		{57666F9D-C31D-495E-990A-B0FF8784EBCA}.Release|Any CPU.ActiveCfg = Release|Any CPU
		{57666F9D-C31D-495E-990A-B0FF8784EBCA}.Release|Any CPU.Build.0 = Release|Any CPU
	EndGlobalSection
	GlobalSection(SolutionProperties) = preSolution
		HideSolutionNode = FALSE
	EndGlobalSection
	GlobalSection(NestedProjects) = preSolution
		{8EA358ED-96CA-476A-AE5E-5E8C9C112030} = {F676C254-5A24-48D0-8452-557E35A97DCA}
		{54EE02FA-CE83-4AF1-8F1E-9939038EAD39} = {F676C254-5A24-48D0-8452-557E35A97DCA}
		{375314E4-0BD9-487E-AE19-ECEF1A9C6C62} = {F676C254-5A24-48D0-8452-557E35A97DCA}
		{F7F837BB-CA2A-4CC9-AACB-AFAE5C5E34D0} = {F676C254-5A24-48D0-8452-557E35A97DCA}
		{2F891FB1-94A2-4335-8675-7324645F5CEA} = {F676C254-5A24-48D0-8452-557E35A97DCA}
		{B1DC8F37-E324-429A-B1C5-ADE8562F1D1C} = {F676C254-5A24-48D0-8452-557E35A97DCA}
		{A87584A2-F75B-4F5F-B78E-E69828F56430} = {5024B8E1-3A74-4072-8FCF-9AB3D0A5E5E2}
		{A8A0C942-8206-4588-953C-33C8896FA821} = {F676C254-5A24-48D0-8452-557E35A97DCA}
		{9B90D0C4-6877-4065-984A-D9B5EC197F7A} = {A8A0C942-8206-4588-953C-33C8896FA821}
		{034EEA0D-0357-4D65-B37A-235D88705B58} = {9B90D0C4-6877-4065-984A-D9B5EC197F7A}
		{05271F62-F00B-4AA3-81C2-424BD4CBD4CB} = {9B90D0C4-6877-4065-984A-D9B5EC197F7A}
		{44200E6C-BFA3-4790-997E-EE2B1160BEDE} = {9B90D0C4-6877-4065-984A-D9B5EC197F7A}
		{BC706C6C-4DDA-455C-9BAA-B51EFDB1454D} = {9B90D0C4-6877-4065-984A-D9B5EC197F7A}
		{062DFDB1-098C-4175-8581-14968CC5C68B} = {9B90D0C4-6877-4065-984A-D9B5EC197F7A}
		{3825DE49-C756-49D9-B27C-4B17A6B55414} = {9B90D0C4-6877-4065-984A-D9B5EC197F7A}
		{DA576B88-DDE4-43D3-8586-579B218A5C4C} = {A8A0C942-8206-4588-953C-33C8896FA821}
		{20A05DE9-165A-48BE-96F3-7E65855D87F1} = {DA576B88-DDE4-43D3-8586-579B218A5C4C}
		{F33CBF64-6680-4927-BBD1-E2CC5287EE6E} = {DA576B88-DDE4-43D3-8586-579B218A5C4C}
		{D967CA5C-0BBD-4892-873A-910BA4127EBF} = {9B90D0C4-6877-4065-984A-D9B5EC197F7A}
		{7454A70E-61B1-4DDD-A6AA-B2DA43B0FED5} = {D967CA5C-0BBD-4892-873A-910BA4127EBF}
		{FF438561-6F1F-4253-BCF1-80D1B0AB2C1B} = {D967CA5C-0BBD-4892-873A-910BA4127EBF}
		{1A3F962D-4E49-4461-A072-03624788E9B6} = {D967CA5C-0BBD-4892-873A-910BA4127EBF}
		{C686B416-A080-4478-BF44-83959121B53A} = {5024B8E1-3A74-4072-8FCF-9AB3D0A5E5E2}
		{D45AB9BE-A3F9-4E59-94BD-8D99C6470D19} = {9B90D0C4-6877-4065-984A-D9B5EC197F7A}
		{DE82037D-0F6A-4C8A-AC90-6209C6E53117} = {5024B8E1-3A74-4072-8FCF-9AB3D0A5E5E2}
		{57666F9D-C31D-495E-990A-B0FF8784EBCA} = {9B90D0C4-6877-4065-984A-D9B5EC197F7A}
	EndGlobalSection
	GlobalSection(ExtensibilityGlobals) = postSolution
		FileExplorer = 
	EndGlobalSection
EndGlobal
